<?xml version="1.0" encoding="utf-8"?>
<Project ToolsVersion="4.0" xmlns="http://schemas.microsoft.com/developer/msbuild/2003">
  <ItemGroup>
    <Filter Include="States">
      <UniqueIdentifier>{7811cdda-e397-412d-aa09-7c10d9a12830}</UniqueIdentifier>
    </Filter>
    <Filter Include="Entities">
      <UniqueIdentifier>{b257d094-7a36-428d-a5a9-e808e16cad66}</UniqueIdentifier>
    </Filter>
    <Filter Include="Components">
      <UniqueIdentifier>{1cb586ae-4aa2-41b4-9972-af0b8fb28f54}</UniqueIdentifier>
    </Filter>
    <Filter Include="Precompiled headers">
      <UniqueIdentifier>{4d12a4bb-9f24-4f78-b278-e0e99b160331}</UniqueIdentifier>
    </Filter>
    <Filter Include="GUI">
      <UniqueIdentifier>{99269b39-bae0-4038-9394-d63389d5dd65}</UniqueIdentifier>
    </Filter>
    <Filter Include="Map">
      <UniqueIdentifier>{0ec07478-7aa4-4004-8f6e-e89d6687176e}</UniqueIdentifier>
    </Filter>
    <Filter Include="Items">
      <UniqueIdentifier>{c6109290-c3db-43a0-91b2-09ed60bf5ddb}</UniqueIdentifier>
    </Filter>
    <Filter Include="Items\Weapons">
      <UniqueIdentifier>{957f53c7-3bc1-4b85-81bd-32af860411a5}</UniqueIdentifier>
    </Filter>
    <Filter Include="Items\Weapons\Melee">
      <UniqueIdentifier>{0efc31f1-368b-4f82-824c-11176d129748}</UniqueIdentifier>
    </Filter>
    <Filter Include="Items\Weapons\Ranged">
      <UniqueIdentifier>{d2c06ea4-e8ca-4d25-8c5c-1fc3c64e4269}</UniqueIdentifier>
    </Filter>
    <Filter Include="Sound">
      <UniqueIdentifier>{bb19da87-9bf7-4764-b0e7-f91db10202a2}</UniqueIdentifier>
    </Filter>
    <Filter Include="States\Editor Modes">
      <UniqueIdentifier>{7d02ea3d-7fe5-4360-bd67-562c94df7228}</UniqueIdentifier>
    </Filter>
    <Filter Include="States\Editor Modes\Modes">
      <UniqueIdentifier>{58944e1b-a6d0-4ccf-9b32-02358dbc9829}</UniqueIdentifier>
    </Filter>
    <Filter Include="Entities\Enemies">
      <UniqueIdentifier>{15543ebe-1b67-4533-b485-5c1bdd9622d1}</UniqueIdentifier>
    </Filter>
    <Filter Include="Map\Tiles">
      <UniqueIdentifier>{598f59e2-b2e6-4b5c-8dd5-dbd7708acdf3}</UniqueIdentifier>
    </Filter>
    <Filter Include="Main">
      <UniqueIdentifier>{5659470f-2c3b-4a8e-8254-d15f90209869}</UniqueIdentifier>
    </Filter>
    <Filter Include="Items\Armours">
      <UniqueIdentifier>{c3d99c81-3537-460a-83e7-984820f695c4}</UniqueIdentifier>
    </Filter>
    <Filter Include="Systems">
      <UniqueIdentifier>{db157ffd-dfe5-4dc4-9348-edf7e5492af7}</UniqueIdentifier>
    </Filter>
    <Filter Include="GUI\Player Tab Panel">
      <UniqueIdentifier>{b9769f5b-92b6-4ab6-b97b-d54a9d72cd3c}</UniqueIdentifier>
    </Filter>
    <Filter Include="GUI\Player Tab Panel\Tabs">
      <UniqueIdentifier>{aa94a2bc-4a73-4fc0-8df0-7a9c8db0b501}</UniqueIdentifier>
    </Filter>
    <Filter Include="GUI\Menu">
      <UniqueIdentifier>{31ae355d-d99e-4a54-a45c-2f775cf1cd7a}</UniqueIdentifier>
    </Filter>
    <Filter Include="GUI\Menu\Menus">
      <UniqueIdentifier>{99f1ae8c-79ba-42b4-b327-95544b7351fa}</UniqueIdentifier>
    </Filter>
    <Filter Include="Graphics">
      <UniqueIdentifier>{67DA6AB6-F800-4c08-8B7A-83BB121AAD01}</UniqueIdentifier>
      <Extensions>rc;ico;cur;bmp;dlg;rc2;rct;bin;rgs;gif;jpg;jpeg;jpe;resx;tiff;tif;png;wav;mfcribbon-ms</Extensions>
    </Filter>
  </ItemGroup>
  <ItemGroup>
    <ClCompile Include="GameState.cpp">
      <Filter>States</Filter>
    </ClCompile>
    <ClCompile Include="State.cpp">
      <Filter>States</Filter>
    </ClCompile>
    <ClCompile Include="Entity.cpp">
      <Filter>Entities</Filter>
    </ClCompile>
    <ClCompile Include="MainMenuState.cpp">
      <Filter>States</Filter>
    </ClCompile>
    <ClCompile Include="MovementComponent.cpp">
      <Filter>Components</Filter>
    </ClCompile>
    <ClCompile Include="Player.cpp">
      <Filter>Entities</Filter>
    </ClCompile>
    <ClCompile Include="stdafx.cpp">
      <Filter>Precompiled headers</Filter>
    </ClCompile>
    <ClCompile Include="AnimationComponent.cpp">
      <Filter>Components</Filter>
    </ClCompile>
    <ClCompile Include="EditorState.cpp">
      <Filter>States</Filter>
    </ClCompile>
    <ClCompile Include="HitboxComponent.cpp">
      <Filter>Components</Filter>
    </ClCompile>
    <ClCompile Include="SettingsState.cpp">
      <Filter>States</Filter>
    </ClCompile>
    <ClCompile Include="TileMap.cpp">
      <Filter>Map</Filter>
    </ClCompile>
    <ClCompile Include="AttributeComponent.cpp">
      <Filter>Components</Filter>
    </ClCompile>
    <ClCompile Include="Gui.cpp">
      <Filter>GUI</Filter>
    </ClCompile>
    <ClCompile Include="PlayerGui.cpp">
      <Filter>GUI</Filter>
    </ClCompile>
    <ClCompile Include="GraphicsSettings.cpp">
      <Filter>Graphics</Filter>
    </ClCompile>
    <ClCompile Include="Item.cpp">
      <Filter>Items</Filter>
    </ClCompile>
    <ClCompile Include="MeleeWeapon.cpp">
      <Filter>Items\Weapons</Filter>
    </ClCompile>
    <ClCompile Include="Sword.cpp">
      <Filter>Items\Weapons\Melee</Filter>
    </ClCompile>
    <ClCompile Include="RangedWeapon.cpp">
      <Filter>Items\Weapons</Filter>
    </ClCompile>
    <ClCompile Include="Bow.cpp">
      <Filter>Items\Weapons\Ranged</Filter>
    </ClCompile>
    <ClCompile Include="SkillComponent.cpp">
      <Filter>Components</Filter>
    </ClCompile>
    <ClCompile Include="Enemy.cpp">
      <Filter>Entities</Filter>
    </ClCompile>
    <ClCompile Include="EnemySpawnerTile.cpp">
      <Filter>Map\Tiles</Filter>
    </ClCompile>
    <ClCompile Include="SoundEngine.cpp">
      <Filter>Sound</Filter>
    </ClCompile>
    <ClCompile Include="EditorMode.cpp">
      <Filter>States\Editor Modes</Filter>
    </ClCompile>
    <ClCompile Include="DefaultEditorMode.cpp">
      <Filter>States\Editor Modes\Modes</Filter>
    </ClCompile>
    <ClCompile Include="EnemyEditorMode.cpp">
      <Filter>States\Editor Modes\Modes</Filter>
    </ClCompile>
    <ClCompile Include="Rat.cpp">
      <Filter>Entities\Enemies</Filter>
    </ClCompile>
    <ClCompile Include="Tile.cpp">
      <Filter>Map</Filter>
    </ClCompile>
    <ClCompile Include="RegularTile.cpp">
      <Filter>Map\Tiles</Filter>
    </ClCompile>
    <ClCompile Include="Game.cpp">
      <Filter>Main</Filter>
    </ClCompile>
    <ClCompile Include="main.cpp">
      <Filter>Main</Filter>
    </ClCompile>
    <ClCompile Include="Inventory.cpp">
      <Filter>Items</Filter>
    </ClCompile>
    <ClCompile Include="Weapon.cpp">
      <Filter>Items\Weapons</Filter>
    </ClCompile>
    <ClCompile Include="TextTagSystem.cpp">
      <Filter>Systems</Filter>
    </ClCompile>
    <ClCompile Include="VisionComponent.cpp">
      <Filter>Components</Filter>
    </ClCompile>
    <ClCompile Include="Area.cpp">
      <Filter>GUI</Filter>
    </ClCompile>
    <ClCompile Include="DirectionComponent.cpp">
      <Filter>Components</Filter>
    </ClCompile>
    <ClCompile Include="EnemySystem.cpp">
      <Filter>Systems</Filter>
    </ClCompile>
    <ClCompile Include="PlayerTabPanel.cpp">
      <Filter>GUI\Player Tab Panel</Filter>
    </ClCompile>
    <ClCompile Include="CharacterTab.cpp">
      <Filter>GUI\Player Tab Panel\Tabs</Filter>
    </ClCompile>
    <ClCompile Include="Menu.cpp">
      <Filter>GUI\Menu</Filter>
    </ClCompile>
    <ClCompile Include="PauseMenu.cpp">
      <Filter>GUI\Menu\Menus</Filter>
    </ClCompile>
    <ClCompile Include="SettingsMenu.cpp">
      <Filter>GUI\Menu\Menus</Filter>
    </ClCompile>
    <ClCompile Include="Tab.cpp">
      <Filter>GUI\Player Tab Panel</Filter>
    </ClCompile>
  </ItemGroup>
  <ItemGroup>
    <ClInclude Include="GameState.h">
      <Filter>States</Filter>
    </ClInclude>
    <ClInclude Include="State.h">
      <Filter>States</Filter>
    </ClInclude>
    <ClInclude Include="Entity.h">
      <Filter>Entities</Filter>
    </ClInclude>
    <ClInclude Include="MainMenuState.h">
      <Filter>States</Filter>
    </ClInclude>
    <ClInclude Include="MovementComponent.h">
      <Filter>Components</Filter>
    </ClInclude>
    <ClInclude Include="Player.h">
      <Filter>Entities</Filter>
    </ClInclude>
    <ClInclude Include="stdafx.h">
      <Filter>Precompiled headers</Filter>
    </ClInclude>
    <ClInclude Include="AnimationComponent.h">
      <Filter>Components</Filter>
    </ClInclude>
    <ClInclude Include="EditorState.h">
      <Filter>States</Filter>
    </ClInclude>
    <ClInclude Include="HitboxComponent.h">
      <Filter>Components</Filter>
    </ClInclude>
    <ClInclude Include="SettingsState.h">
      <Filter>States</Filter>
    </ClInclude>
    <ClInclude Include="TileMap.h">
      <Filter>Map</Filter>
    </ClInclude>
    <ClInclude Include="AttributeComponent.h">
      <Filter>Components</Filter>
    </ClInclude>
    <ClInclude Include="Gui.h">
      <Filter>GUI</Filter>
    </ClInclude>
    <ClInclude Include="PlayerGui.h">
      <Filter>GUI</Filter>
    </ClInclude>
    <ClInclude Include="GraphicsSettings.h">
      <Filter>Graphics</Filter>
    </ClInclude>
    <ClInclude Include="Item.h">
      <Filter>Items</Filter>
    </ClInclude>
    <ClInclude Include="MeleeWeapon.h">
      <Filter>Items\Weapons</Filter>
    </ClInclude>
    <ClInclude Include="Sword.h">
      <Filter>Items\Weapons\Melee</Filter>
    </ClInclude>
    <ClInclude Include="RangedWeapon.h">
      <Filter>Items\Weapons</Filter>
    </ClInclude>
    <ClInclude Include="Bow.h">
      <Filter>Items\Weapons\Ranged</Filter>
    </ClInclude>
    <ClInclude Include="SkillComponent.h">
      <Filter>Components</Filter>
    </ClInclude>
    <ClInclude Include="Enemy.h">
      <Filter>Entities</Filter>
    </ClInclude>
    <ClInclude Include="EnemySpawnerTile.h">
      <Filter>Map\Tiles</Filter>
    </ClInclude>
    <ClInclude Include="SoundEngine.h">
      <Filter>Sound</Filter>
    </ClInclude>
    <ClInclude Include="EditorMode.h">
      <Filter>States\Editor Modes</Filter>
    </ClInclude>
    <ClInclude Include="DefaultEditorMode.h">
      <Filter>States\Editor Modes\Modes</Filter>
    </ClInclude>
    <ClInclude Include="EnemyEditorMode.h">
      <Filter>States\Editor Modes\Modes</Filter>
    </ClInclude>
    <ClInclude Include="EditorModes.h">
      <Filter>States\Editor Modes</Filter>
    </ClInclude>
    <ClInclude Include="Rat.h">
      <Filter>Entities\Enemies</Filter>
    </ClInclude>
    <ClInclude Include="Tile.h">
      <Filter>Map</Filter>
    </ClInclude>
    <ClInclude Include="RegularTile.h">
      <Filter>Map\Tiles</Filter>
    </ClInclude>
    <ClInclude Include="Game.h">
      <Filter>Main</Filter>
    </ClInclude>
    <ClInclude Include="Inventory.h">
      <Filter>Items</Filter>
    </ClInclude>
    <ClInclude Include="Items.h">
      <Filter>Items</Filter>
    </ClInclude>
    <ClInclude Include="Weapon.h">
      <Filter>Items\Weapons</Filter>
    </ClInclude>
    <ClInclude Include="TextTagSystem.h">
      <Filter>Systems</Filter>
    </ClInclude>
    <ClInclude Include="VisionComponent.h">
      <Filter>Components</Filter>
    </ClInclude>
    <ClInclude Include="Area.h">
      <Filter>GUI</Filter>
    </ClInclude>
    <ClInclude Include="DirectionComponent.h">
      <Filter>Components</Filter>
    </ClInclude>
    <ClInclude Include="EnemySystem.h">
      <Filter>Systems</Filter>
    </ClInclude>
    <ClInclude Include="PlayerTabPanel.h">
      <Filter>GUI\Player Tab Panel</Filter>
    </ClInclude>
    <ClInclude Include="CharacterTab.h">
      <Filter>GUI\Player Tab Panel\Tabs</Filter>
    </ClInclude>
    <ClInclude Include="Menu.h">
      <Filter>GUI\Menu</Filter>
    </ClInclude>
    <ClInclude Include="PauseMenu.h">
      <Filter>GUI\Menu\Menus</Filter>
    </ClInclude>
    <ClInclude Include="SettingsMenu.h">
      <Filter>GUI\Menu\Menus</Filter>
    </ClInclude>
    <ClInclude Include="Tab.h">
      <Filter>GUI\Player Tab Panel</Filter>
    </ClInclude>
  </ItemGroup>
  <ItemGroup>
    <None Include="vertex_shader.vert">
      <Filter>Graphics</Filter>
    </None>
    <None Include="fragment_shader.frag">
      <Filter>Graphics</Filter>
    </None>
  </ItemGroup>
</Project>